github.com/Masterminds/semver/v3 v3.2.1 h1:RN9w6+7QoMeJVGyfmbcgs28Br8cvmnucEXnY0rYXWg0=
github.com/Masterminds/semver/v3 v3.2.1/go.mod h1:qvl/7zhW3nngYb5+80sSMF+FG2BjYrf8m9wsX0PNOMQ=
github.com/aws/aws-cdk-go/awscdk v1.204.0-devpreview h1:t3TI4mtmRQlUF5OceL3zhhTlz1RtFMMbsWQ1oMrAsWg=
github.com/aws/aws-cdk-go/awscdk v1.204.0-devpreview/go.mod h1:ZAyiU+hVHfDS6Vvxf1ljmwawmA5Ri6FUay6M04+93pk=
github.com/aws/aws-cdk-go/awscdk/v2 v2.138.0/go.mod h1:5v16UNDrkqbV9CJRKt8a1aBRnldnpHJNBi8H9oIS7ig=
github.com/aws/constructs-go/constructs/v10 v10.3.0/go.mod h1:GgzwIwoRJ2UYsr3SU+JhAl+gq5j39bEMYf8ev3J+s9s=
github.com/aws/constructs-go/constructs/v3 v3.4.232 h1:YLw1wSu8/qqmacsZWPXI+qFNu4ml2YZwtRZHL2gaB8M=
github.com/aws/constructs-go/constructs/v3 v3.4.232/go.mod h1:ejR5Hd2llgfqo68taM7H/hnri4hrHObbsqbT6YySLMI=
github.com/aws/jsii-runtime-go v1.97.0 h1:z3g6aLUQUyjZfHFI4z6Q47zvwUjyGYPamOWcVwGmU9w=
github.com/aws/jsii-runtime-go v1.97.0/go.mod h1:30XYoqvHizeedL8KNra3DBZ9w+NtJDQpbU4o1bN9lVc=
github.com/pmezard/go-difflib v1.0.0/go.mod h1:iKH77koFhYxTK1pcRnkKkqfTogsbg7gZNVY4sRDYZ/4=
